
Microsoft Visual Studio Solution File, Format Version 12.00
# Visual Studio Version 16
VisualStudioVersion = 16.0.31624.102
MinimumVisualStudioVersion = 10.0.40219.1
Project("{8BC9CEB8-8B4A-11D0-8D11-00A0C91BC942}") = "copy-calling", "copy-calling\copy-calling.vcxproj", "{0422BC53-A6FC-4130-AEF5-8DAE9561AD93}"
EndProject
Global
	GlobalSection(SolutionConfigurationPlatforms) = preSolution
		Debug|x64 = Debug|x64
		Debug|x86 = Debug|x86
		Release|x64 = Release|x64
		Release|x86 = Release|x86
	EndGlobalSection
	GlobalSection(ProjectConfigurationPlatforms) = postSolution
		{0422BC53-A6FC-4130-AEF5-8DAE9561AD93}.Debug|x64.ActiveCfg = Debug|x64
		{0422BC53-A6FC-4130-AEF5-8DAE9561AD93}.Debug|x64.Build.0 = Debug|x64
		{0422BC53-A6FC-4130-AEF5-8DAE9561AD93}.Debug|x86.ActiveCfg = Debug|Win32
		{0422BC53-A6FC-4130-AEF5-8DAE9561AD93}.Debug|x86.Build.0 = Debug|Win32
		{0422BC53-A6FC-4130-AEF5-8DAE9561AD93}.Release|x64.ActiveCfg = Release|x64
		{0422BC53-A6FC-4130-AEF5-8DAE9561AD93}.Release|x64.Build.0 = Release|x64
		{0422BC53-A6FC-4130-AEF5-8DAE9561AD93}.Release|x86.ActiveCfg = Release|Win32
		{0422BC53-A6FC-4130-AEF5-8DAE9561AD93}.Release|x86.Build.0 = Release|Win32
	EndGlobalSection
	GlobalSection(SolutionProperties) = preSolution
		HideSolutionNode = FALSE
	EndGlobalSection
	GlobalSection(ExtensibilityGlobals) = postSolution
		SolutionGuid = {8B9EB4F4-7C4D-40C2-A7F7-15E0BDD5EDB6}
	EndGlobalSection
EndGlobal
